{
  "lockfileVersion": 2,
  "configVersion": 1,
  "workspaces": {
    "": {
      "dependencies": {
        "@ternlight/base": "^0.1.0",
      },
    },
  },
  "packages": {
    "@ternlight/base": ["@ternlight/base@0.1.0", "", {}, "sha512-LpPdlH9Q0eX8nNtjqaXvSQXOV5MvOgxdQr+aCiBpvGEOExbAp10DD5yyrujliOG0lW8evCrngxkNmXWslIwpdw=="],
  }
}
